
Microsoft Visual Studio Solution File, Format Version 12.00
# Visual Studio 15
Project("{FAE04EC0-301F-11D3-BF4B-00C04F79EFBC}") = "Assembly-CSharp", "Assembly-CSharp.csproj", "{66BBA66C-B282-FC6A-9E46-986329F69B45}"
EndProject
Project("{FAE04EC0-301F-11D3-BF4B-00C04F79EFBC}") = "Assembly-CSharp-firstpass", "Assembly-CSharp-firstpass.csproj", "{888D5653-F3BE-B518-84D5-2A4B2688F9EB}"
EndProject
Project("{FAE04EC0-301F-11D3-BF4B-00C04F79EFBC}") = "Assembly-CSharp-Editor-firstpass", "Assembly-CSharp-Editor-firstpass.csproj", "{016960FA-2250-53E5-213C-360D43C56CCA}"
EndProject
Global
	GlobalSection(SolutionConfigurationPlatforms) = preSolution
		Debug|Any CPU = Debug|Any CPU
		Release|Any CPU = Release|Any CPU
	EndGlobalSection
	GlobalSection(ProjectConfigurationPlatforms) = postSolution
		{66BBA66C-B282-FC6A-9E46-986329F69B45}.Debug|Any CPU.ActiveCfg = Debug|Any CPU
		{66BBA66C-B282-FC6A-9E46-986329F69B45}.Debug|Any CPU.Build.0 = Debug|Any CPU
		{66BBA66C-B282-FC6A-9E46-986329F69B45}.Release|Any CPU.ActiveCfg = Release|Any CPU
		{66BBA66C-B282-FC6A-9E46-986329F69B45}.Release|Any CPU.Build.0 = Release|Any CPU
		{888D5653-F3BE-B518-84D5-2A4B2688F9EB}.Debug|Any CPU.ActiveCfg = Debug|Any CPU
		{888D5653-F3BE-B518-84D5-2A4B2688F9EB}.Debug|Any CPU.Build.0 = Debug|Any CPU
		{888D5653-F3BE-B518-84D5-2A4B2688F9EB}.Release|Any CPU.ActiveCfg = Release|Any CPU
		{888D5653-F3BE-B518-84D5-2A4B2688F9EB}.Release|Any CPU.Build.0 = Release|Any CPU
		{016960FA-2250-53E5-213C-360D43C56CCA}.Debug|Any CPU.ActiveCfg = Debug|Any CPU
		{016960FA-2250-53E5-213C-360D43C56CCA}.Debug|Any CPU.Build.0 = Debug|Any CPU
		{016960FA-2250-53E5-213C-360D43C56CCA}.Release|Any CPU.ActiveCfg = Release|Any CPU
		{016960FA-2250-53E5-213C-360D43C56CCA}.Release|Any CPU.Build.0 = Release|Any CPU
	EndGlobalSection
	GlobalSection(SolutionProperties) = preSolution
		HideSolutionNode = FALSE
	EndGlobalSection
EndGlobal
